{
  "name": "reelchords",
  "version": "0.1.0",
  "lockfileVersion": 3,
  "requires": true,
  "packages": {
    "": {
      "name": "reelchords",
      "version": "0.1.0",
      "license": "MIT",
      "workspaces": [
        "packages/*",
        "apps/*",
        "services/*"
      ],
      "engines": {
        "node": ">=20"
      }
    },
    "node_modules/@reelchords/chord-core": {
      "resolved": "packages/chord-core",
      "link": true
    },
    "packages/chord-core": {
      "name": "@reelchords/chord-core",
      "version": "0.1.0",
      "license": "MIT"
    }
  }
}
